
Microsoft Visual Studio Solution File, Format Version 12.00
# Visual Studio Version 17
VisualStudioVersion = 17.5.33516.290
MinimumVisualStudioVersion = 10.0.40219.1
Project("{FAE04EC0-301F-11D3-BF4B-00C04F79EFBC}") = "PharmacySupplyProject", "PharmacySupplyProject\PharmacySupplyProject.csproj", "{79F6E42E-C1A0-4FF4-9B8D-5A1004F216B7}"
EndProject
Global
	GlobalSection(SolutionConfigurationPlatforms) = preSolution
		Debug|Any CPU = Debug|Any CPU
		Release|Any CPU = Release|Any CPU
	EndGlobalSection
	GlobalSection(ProjectConfigurationPlatforms) = postSolution
		{79F6E42E-C1A0-4FF4-9B8D-5A1004F216B7}.Debug|Any CPU.ActiveCfg = Debug|Any CPU
		{79F6E42E-C1A0-4FF4-9B8D-5A1004F216B7}.Debug|Any CPU.Build.0 = Debug|Any CPU
		{79F6E42E-C1A0-4FF4-9B8D-5A1004F216B7}.Release|Any CPU.ActiveCfg = Release|Any CPU
		{79F6E42E-C1A0-4FF4-9B8D-5A1004F216B7}.Release|Any CPU.Build.0 = Release|Any CPU
	EndGlobalSection
	GlobalSection(SolutionProperties) = preSolution
		HideSolutionNode = FALSE
	EndGlobalSection
	GlobalSection(ExtensibilityGlobals) = postSolution
		SolutionGuid = {75067EA8-B7BE-4490-B147-7D3981A4E9C4}
	EndGlobalSection
EndGlobal
